
Microsoft Visual Studio Solution File, Format Version 12.00
# Visual Studio Version 17
VisualStudioVersion = 17.7.34031.279
MinimumVisualStudioVersion = 10.0.40219.1
Project("{FAE04EC0-301F-11D3-BF4B-00C04F79EFBC}") = "APIADMIN", "APIDOAN\APIADMIN.csproj", "{9B448F93-B9E9-4B7D-9AA9-EA0D7669DA81}"
EndProject
Project("{FAE04EC0-301F-11D3-BF4B-00C04F79EFBC}") = "APIUSER", "APIUSER\APIUSER.csproj", "{6B909CEE-E5CA-4FA5-9AC4-15A25FB5813E}"
EndProject
Project("{FAE04EC0-301F-11D3-BF4B-00C04F79EFBC}") = "Models", "Models\Models.csproj", "{D372159D-D4B1-42C1-91F2-C29283A8D34E}"
EndProject
Project("{FAE04EC0-301F-11D3-BF4B-00C04F79EFBC}") = "DAL", "DAL\DAL.csproj", "{50582875-C98F-4354-835E-3D9FD45165AD}"
EndProject
Project("{FAE04EC0-301F-11D3-BF4B-00C04F79EFBC}") = "BLL", "BLL\BLL.csproj", "{3B5C5EF5-93DB-4DCC-884F-A61746B158D3}"
EndProject
Global
	GlobalSection(SolutionConfigurationPlatforms) = preSolution
		Debug|Any CPU = Debug|Any CPU
		Release|Any CPU = Release|Any CPU
	EndGlobalSection
	GlobalSection(ProjectConfigurationPlatforms) = postSolution
		{9B448F93-B9E9-4B7D-9AA9-EA0D7669DA81}.Debug|Any CPU.ActiveCfg = Debug|Any CPU
		{9B448F93-B9E9-4B7D-9AA9-EA0D7669DA81}.Debug|Any CPU.Build.0 = Debug|Any CPU
		{9B448F93-B9E9-4B7D-9AA9-EA0D7669DA81}.Release|Any CPU.ActiveCfg = Release|Any CPU
		{9B448F93-B9E9-4B7D-9AA9-EA0D7669DA81}.Release|Any CPU.Build.0 = Release|Any CPU
		{6B909CEE-E5CA-4FA5-9AC4-15A25FB5813E}.Debug|Any CPU.ActiveCfg = Debug|Any CPU
		{6B909CEE-E5CA-4FA5-9AC4-15A25FB5813E}.Debug|Any CPU.Build.0 = Debug|Any CPU
		{6B909CEE-E5CA-4FA5-9AC4-15A25FB5813E}.Release|Any CPU.ActiveCfg = Release|Any CPU
		{6B909CEE-E5CA-4FA5-9AC4-15A25FB5813E}.Release|Any CPU.Build.0 = Release|Any CPU
		{D372159D-D4B1-42C1-91F2-C29283A8D34E}.Debug|Any CPU.ActiveCfg = Debug|Any CPU
		{D372159D-D4B1-42C1-91F2-C29283A8D34E}.Debug|Any CPU.Build.0 = Debug|Any CPU
		{D372159D-D4B1-42C1-91F2-C29283A8D34E}.Release|Any CPU.ActiveCfg = Release|Any CPU
		{D372159D-D4B1-42C1-91F2-C29283A8D34E}.Release|Any CPU.Build.0 = Release|Any CPU
		{50582875-C98F-4354-835E-3D9FD45165AD}.Debug|Any CPU.ActiveCfg = Debug|Any CPU
		{50582875-C98F-4354-835E-3D9FD45165AD}.Debug|Any CPU.Build.0 = Debug|Any CPU
		{50582875-C98F-4354-835E-3D9FD45165AD}.Release|Any CPU.ActiveCfg = Release|Any CPU
		{50582875-C98F-4354-835E-3D9FD45165AD}.Release|Any CPU.Build.0 = Release|Any CPU
		{3B5C5EF5-93DB-4DCC-884F-A61746B158D3}.Debug|Any CPU.ActiveCfg = Debug|Any CPU
		{3B5C5EF5-93DB-4DCC-884F-A61746B158D3}.Debug|Any CPU.Build.0 = Debug|Any CPU
		{3B5C5EF5-93DB-4DCC-884F-A61746B158D3}.Release|Any CPU.ActiveCfg = Release|Any CPU
		{3B5C5EF5-93DB-4DCC-884F-A61746B158D3}.Release|Any CPU.Build.0 = Release|Any CPU
	EndGlobalSection
	GlobalSection(SolutionProperties) = preSolution
		HideSolutionNode = FALSE
	EndGlobalSection
	GlobalSection(ExtensibilityGlobals) = postSolution
		SolutionGuid = {98083DF9-7017-4C32-BA26-797535C13E7A}
	EndGlobalSection
EndGlobal
